
Microsoft Visual Studio Solution File, Format Version 12.00
# Visual Studio Version 16
VisualStudioVersion = 16.0.30309.148
MinimumVisualStudioVersion = 10.0.40219.1
Project("{FAE04EC0-301F-11D3-BF4B-00C04F79EFBC}") = "AllTheVowels", "AllTheVowels\AllTheVowels.csproj", "{7CC7AC14-912D-4007-8C0B-831A405C3A57}"
EndProject
Global
	GlobalSection(SolutionConfigurationPlatforms) = preSolution
		Debug|Any CPU = Debug|Any CPU
		Release|Any CPU = Release|Any CPU
	EndGlobalSection
	GlobalSection(ProjectConfigurationPlatforms) = postSolution
		{7CC7AC14-912D-4007-8C0B-831A405C3A57}.Debug|Any CPU.ActiveCfg = Debug|Any CPU
		{7CC7AC14-912D-4007-8C0B-831A405C3A57}.Debug|Any CPU.Build.0 = Debug|Any CPU
		{7CC7AC14-912D-4007-8C0B-831A405C3A57}.Release|Any CPU.ActiveCfg = Release|Any CPU
		{7CC7AC14-912D-4007-8C0B-831A405C3A57}.Release|Any CPU.Build.0 = Release|Any CPU
	EndGlobalSection
	GlobalSection(SolutionProperties) = preSolution
		HideSolutionNode = FALSE
	EndGlobalSection
	GlobalSection(ExtensibilityGlobals) = postSolution
		SolutionGuid = {1185C129-E538-44E2-B6B6-80102A49F35C}
	EndGlobalSection
EndGlobal
